lockfileVersion: '9.0'

settings:
  autoInstallPeers: true
  excludeLinksFromLockfile: false

overrides:
  node-gtk: link:../node-gtk

importers:

  .:
    dependencies:
      diff:
        specifier: ^9.0.0
        version: 9.0.0
      native-keymap:
        specifier: ^3.3.9
        version: 3.3.9
      node-gtk:
        specifier: link:../node-gtk
        version: link:../node-gtk
      postcss-selector-parser:
        specifier: ^7.1.4
        version: 7.1.4
      vscode-jsonrpc:
        specifier: ^9.0.0
        version: 9.0.0
      vscode-languageserver-protocol:
        specifier: ^3.18.0
        version: 3.18.0
    devDependencies:
      '@types/node':
        specifier: ^25.9.3
        version: 25.9.3
      tree-sitter-wasms:
        specifier: ^0.1.13
        version: 0.1.13
      typescript:
        specifier: ^6.0.3
        version: 6.0.3
      web-tree-sitter:
        specifier: ^0.20.8
        version: 0.20.8

packages:

  '@types/node@25.9.3':
    resolution: {integrity: sha512-603BddQMv3pUcr4U2dhujk83N2tTDVr/34wII2B6bJy6g+8WD6yUb11jszNs0gdi4PesVWl7ABt8nYMVpnLUcg==}

  cssesc@3.0.0:
    resolution: {integrity: sha512-/Tb/JcjK111nNScGob5MNtsntNM1aCNUDipB/TkwZFhyDrrE47SOx/18wF2bbjgc3ZzCSKW1T5nt5EbFoAz/Vg==}
    engines: {node: '>=4'}
    hasBin: true

  diff@9.0.0:
    resolution: {integrity: sha512-svtcdpS8CgJyqAjEQIXdb3OjhFVVYjzGAPO8WGCmRbrml64SPw/jJD4GoE98aR7r25A0XcgrK3F02yw9R/vhQw==}
    engines: {node: '>=0.3.1'}

  native-keymap@3.3.9:
    resolution: {integrity: sha512-d/ydQ5x+GM5W0dyAjFPwexhtc9CDH1g/xWZESS5CXk16ThyFzSBLvlBJq1+FyzUIFf/F2g1MaHdOpa6G9150YQ==}

  postcss-selector-parser@7.1.4:
    resolution: {integrity: sha512-HeP7D2wyhkR+XaK6v4W8oRF62Dsz4flyuczALJp61GckGm42u1saSSJ/0auvcBqxs3jMRFEcPK34At/0JBKdOg==}
    engines: {node: '>=4'}

  tree-sitter-wasms@0.1.13:
    resolution: {integrity: sha512-wT+cR6DwaIz80/vho3AvSF0N4txuNx/5bcRKoXouOfClpxh/qqrF4URNLQXbbt8MaAxeksZcZd1j8gcGjc+QxQ==}

  typescript@6.0.3:
    resolution: {integrity: sha512-y2TvuxSZPDyQakkFRPZHKFm+KKVqIisdg9/CZwm9ftvKXLP8NRWj38/ODjNbr43SsoXqNuAisEf1GdCxqWcdBw==}
    engines: {node: '>=14.17'}
    hasBin: true

  undici-types@7.24.6:
    resolution: {integrity: sha512-WRNW+sJgj5OBN4/0JpHFqtqzhpbnV0GuB+OozA9gCL7a993SmU+1JBZCzLNxYsbMfIeDL+lTsphD5jN5N+n0zg==}

  util-deprecate@1.0.2:
    resolution: {integrity: sha512-EPD5q1uXyFxJpCrLnCc1nHnq3gOa6DZBocAIiI2TaSCA7VCJ1UJDMagCzIkXNsUYfD1daK//LTEQ8xiIbrHtcw==}

  vscode-jsonrpc@9.0.0:
    resolution: {integrity: sha512-+VvMmQPJhtvJ+8O+zu2JKIRiLxXF8NW7krWgyMGeOHrp4Cn23T5hc0v2LknNeopDOB70wghHAds7mKtcZ0I4Sg==}
    engines: {node: '>=14.0.0'}

  vscode-languageserver-protocol@3.18.0:
    resolution: {integrity: sha512-Zdz+kJ12Iz6tc11xfZyEo501bBATHXrCjmMfnaR3pMnf1CoqZBKIynba3P+/bi9VEdrMbNtAVKYpKhbODvqy+Q==}

  vscode-languageserver-types@3.18.0:
    resolution: {integrity: sha512-8TsGPNMIMiiBdkORgRSvLjuiEIiAFtO+KssmYWxQ+uSVvlf7RjK8YKCOjPzZ+YA04jXEV7+7LvkSmHkhpNS99g==}

  web-tree-sitter@0.20.8:
    resolution: {integrity: sha512-weOVgZ3aAARgdnb220GqYuh7+rZU0Ka9k9yfKtGAzEYMa6GgiCzW9JjQRJyCJakvibQW+dfjJdihjInKuuCAUQ==}

snapshots:

  '@types/node@25.9.3':
    dependencies:
      undici-types: 7.24.6

  cssesc@3.0.0: {}

  diff@9.0.0: {}

  native-keymap@3.3.9: {}

  postcss-selector-parser@7.1.4:
    dependencies:
      cssesc: 3.0.0
      util-deprecate: 1.0.2

  tree-sitter-wasms@0.1.13: {}

  typescript@6.0.3: {}

  undici-types@7.24.6: {}

  util-deprecate@1.0.2: {}

  vscode-jsonrpc@9.0.0: {}

  vscode-languageserver-protocol@3.18.0:
    dependencies:
      vscode-jsonrpc: 9.0.0
      vscode-languageserver-types: 3.18.0

  vscode-languageserver-types@3.18.0: {}

  web-tree-sitter@0.20.8: {}
